// !$*UTF8*$!
{
	archiveVersion = 1;
	classes = {
	};
	objectVersion = 46;
	objects = {

/* Begin PBXBuildFile section */
		3FA222AE9F9DC06ED0D31D19 /* Pods_RNNativeDialogExample.framework in Frameworks */ = {isa = PBXBuildFile; fileRef = F8FAFCF851CD26F7BB394C21 /* Pods_RNNativeDialogExample.framework */; };
		71912B2E223528B600ED4781 /* JavaScriptCore.framework in Frameworks */ = {isa = PBXBuildFile; fileRef = 71912B2D223528B600ED4781 /* JavaScriptCore.framework */; };
		71BD74D421F76B9D0087BC57 /* main.m in Sources */ = {isa = PBXBuildFile; fileRef = 71BD74D321F76B9D0087BC57 /* main.m */; };
		71BD74D721F76BB30087BC57 /* AppDelegate.m in Sources */ = {isa = PBXBuildFile; fileRef = 71BD74D521F76BB20087BC57 /* AppDelegate.m */; };
		71BD74D921F76BBC0087BC57 /* Images.xcassets in Resources */ = {isa = PBXBuildFile; fileRef = 71BD74D821F76BBC0087BC57 /* Images.xcassets */; };
		71BD74DE21F76BD90087BC57 /* LaunchScreen.xib in Resources */ = {isa = PBXBuildFile; fileRef = 71BD74DC21F76BD90087BC57 /* LaunchScreen.xib */; };
		71C4893D22352636005C13EB /* File.swift in Sources */ = {isa = PBXBuildFile; fileRef = 71C4893C22352636005C13EB /* File.swift */; };
/* End PBXBuildFile section */

/* Begin PBXFileReference section */
		008F07F21AC5B25A0029DE68 /* main.jsbundle */ = {isa = PBXFileReference; fileEncoding = 4; lastKnownFileType = text; path = main.jsbundle; sourceTree = "<group>"; };
		13B07F961A680F5B00A75B9A /* RNNativeDialogExample.app */ = {isa = PBXFileReference; explicitFileType = wrapper.application; includeInIndex = 0; path = RNNativeDialogExample.app; sourceTree = BUILT_PRODUCTS_DIR; };
		71912B2D223528B600ED4781 /* JavaScriptCore.framework */ = {isa = PBXFileReference; lastKnownFileType = wrapper.framework; name = JavaScriptCore.framework; path = System/Library/Frameworks/JavaScriptCore.framework; sourceTree = SDKROOT; };
		71BD74D321F76B9D0087BC57 /* main.m */ = {isa = PBXFileReference; fileEncoding = 4; lastKnownFileType = sourcecode.c.objc; name = main.m; path = RNNativeDialogExample/main.m; sourceTree = "<group>"; };
		71BD74D521F76BB20087BC57 /* AppDelegate.m */ = {isa = PBXFileReference; fileEncoding = 4; lastKnownFileType = sourcecode.c.objc; name = AppDelegate.m; path = RNNativeDialogExample/AppDelegate.m; sourceTree = "<group>"; };
		71BD74D621F76BB30087BC57 /* AppDelegate.h */ = {isa = PBXFileReference; fileEncoding = 4; lastKnownFileType = sourcecode.c.h; name = AppDelegate.h; path = RNNativeDialogExample/AppDelegate.h; sourceTree = "<group>"; };
		71BD74D821F76BBC0087BC57 /* Images.xcassets */ = {isa = PBXFileReference; lastKnownFileType = folder.assetcatalog; name = Images.xcassets; path = RNNativeDialogExample/Images.xcassets; sourceTree = "<group>"; };
		71BD74DA21F76BC80087BC57 /* Info.plist */ = {isa = PBXFileReference; fileEncoding = 4; lastKnownFileType = text.plist.xml; name = Info.plist; path = RNNativeDialogExample/Info.plist; sourceTree = "<group>"; };
		71BD74DD21F76BD90087BC57 /* Base */ = {isa = PBXFileReference; lastKnownFileType = file.xib; name = Base; path = RNNativeDialogExample/Base.lproj/LaunchScreen.xib; sourceTree = "<group>"; };
		71C4893B22352636005C13EB /* RNNativeDialogExample-Bridging-Header.h */ = {isa = PBXFileReference; lastKnownFileType = sourcecode.c.h; path = "RNNativeDialogExample-Bridging-Header.h"; sourceTree = "<group>"; };
		71C4893C22352636005C13EB /* File.swift */ = {isa = PBXFileReference; lastKnownFileType = sourcecode.swift; path = File.swift; sourceTree = "<group>"; };
		71E629C422352DDB0039BCFD /* DoubleConversion.framework */ = {isa = PBXFileReference; explicitFileType = wrapper.framework; path = DoubleConversion.framework; sourceTree = BUILT_PRODUCTS_DIR; };
		71E629C622352DDB0039BCFD /* glog.framework */ = {isa = PBXFileReference; explicitFileType = wrapper.framework; path = glog.framework; sourceTree = BUILT_PRODUCTS_DIR; };
		71E629C822352E220039BCFD /* folly.framework */ = {isa = PBXFileReference; explicitFileType = wrapper.framework; path = folly.framework; sourceTree = BUILT_PRODUCTS_DIR; };
		71E629CA22352E220039BCFD /* React.framework */ = {isa = PBXFileReference; explicitFileType = wrapper.framework; path = React.framework; sourceTree = BUILT_PRODUCTS_DIR; };
		71E629CC22352E220039BCFD /* yoga.framework */ = {isa = PBXFileReference; explicitFileType = wrapper.framework; path = yoga.framework; sourceTree = BUILT_PRODUCTS_DIR; };
		7668E4CB8DF6EF881DCE2791 /* Pods-RNNativeDialogExample.debug.xcconfig */ = {isa = PBXFileReference; includeInIndex = 1; lastKnownFileType = text.xcconfig; name = "Pods-RNNativeDialogExample.debug.xcconfig"; path = "Target Support Files/Pods-RNNativeDialogExample/Pods-RNNativeDialogExample.debug.xcconfig"; sourceTree = "<group>"; };
		A0893371BF5BDCEF0C6B56DF /* Pods-RNNativeDialogExample.release.xcconfig */ = {isa = PBXFileReference; includeInIndex = 1; lastKnownFileType = text.xcconfig; name = "Pods-RNNativeDialogExample.release.xcconfig"; path = "Target Support Files/Pods-RNNativeDialogExample/Pods-RNNativeDialogExample.release.xcconfig"; sourceTree = "<group>"; };
		F8FAFCF851CD26F7BB394C21 /* Pods_RNNativeDialogExample.framework */ = {isa = PBXFileReference; explicitFileType = wrapper.framework; includeInIndex = 0; path = Pods_RNNativeDialogExample.framework; sourceTree = BUILT_PRODUCTS_DIR; };
/* End PBXFileReference section */

/* Begin PBXFrameworksBuildPhase section */
		ECAFE81266C7DF855A96E3F5 /* Frameworks */ = {
			isa = PBXFrameworksBuildPhase;
			buildActionMask = 2147483647;
			files = (
				71912B2E223528B600ED4781 /* JavaScriptCore.framework in Frameworks */,
				3FA222AE9F9DC06ED0D31D19 /* Pods_RNNativeDialogExample.framework in Frameworks */,
			);
			runOnlyForDeploymentPostprocessing = 0;
		};
/* End PBXFrameworksBuildPhase section */

/* Begin PBXGroup section */
		13B07FAE1A68108700A75B9A /* RNNativeDialogExample */ = {
			isa = PBXGroup;
			children = (
				008F07F21AC5B25A0029DE68 /* main.jsbundle */,
				71BD74D621F76BB30087BC57 /* AppDelegate.h */,
				71BD74D521F76BB20087BC57 /* AppDelegate.m */,
				71BD74D821F76BBC0087BC57 /* Images.xcassets */,
				71BD74DA21F76BC80087BC57 /* Info.plist */,
				71BD74DC21F76BD90087BC57 /* LaunchScreen.xib */,
				71BD74D321F76B9D0087BC57 /* main.m */,
				71C4893C22352636005C13EB /* File.swift */,
				71C4893B22352636005C13EB /* RNNativeDialogExample-Bridging-Header.h */,
			);
			name = RNNativeDialogExample;
			sourceTree = "<group>";
		};
		489600528679528475F73FA0 /* Frameworks */ = {
			isa = PBXGroup;
			children = (
				71E629C822352E220039BCFD /* folly.framework */,
				71E629CA22352E220039BCFD /* React.framework */,
				71E629CC22352E220039BCFD /* yoga.framework */,
				71E629C422352DDB0039BCFD /* DoubleConversion.framework */,
				71E629C622352DDB0039BCFD /* glog.framework */,
				71912B2D223528B600ED4781 /* JavaScriptCore.framework */,
				F8FAFCF851CD26F7BB394C21 /* Pods_RNNativeDialogExample.framework */,
			);
			name = Frameworks;
			sourceTree = "<group>";
		};
		83CBB9F61A601CBA00E9B192 = {
			isa = PBXGroup;
			children = (
				13B07FAE1A68108700A75B9A /* RNNativeDialogExample */,
				83CBBA001A601CBA00E9B192 /* Products */,
				9B7F8F00F83AE4FB83DDCB40 /* Pods */,
				489600528679528475F73FA0 /* Frameworks */,
			);
			indentWidth = 2;
			sourceTree = "<group>";
			tabWidth = 2;
			usesTabs = 0;
		};
		83CBBA001A601CBA00E9B192 /* Products */ = {
			isa = PBXGroup;
			children = (
				13B07F961A680F5B00A75B9A /* RNNativeDialogExample.app */,
			);
			name = Products;
			sourceTree = "<group>";
		};
		9B7F8F00F83AE4FB83DDCB40 /* Pods */ = {
			isa = PBXGroup;
			children = (
				7668E4CB8DF6EF881DCE2791 /* Pods-RNNativeDialogExample.debug.xcconfig */,
				A0893371BF5BDCEF0C6B56DF /* Pods-RNNativeDialogExample.release.xcconfig */,
			);
			path = Pods;
			sourceTree = "<group>";
		};
/* End PBXGroup section */

/* Begin PBXNativeTarget section */
		13B07F861A680F5B00A75B9A /* RNNativeDialogExample */ = {
			isa = PBXNativeTarget;
			buildConfigurationList = 13B07F931A680F5B00A75B9A /* Build configuration list for PBXNativeTarget "RNNativeDialogExample" */;
			buildPhases = (
				5D0BB24191B47FE05F875483 /* [CP] Check Pods Manifest.lock */,
				13B07F871A680F5B00A75B9A /* Sources */,
				13B07F8E1A680F5B00A75B9A /* Resources */,
				00DD1BFF1BD5951E006B06BC /* Bundle React Native code and images */,
				ECAFE81266C7DF855A96E3F5 /* Frameworks */,
				1633D8E3C8AB6E90AA3940F3 /* [CP] Embed Pods Frameworks */,
			);
			buildRules = (
			);
			dependencies = (
			);
			name = RNNativeDialogExample;
			productName = "Hello World";
			productReference = 13B07F961A680F5B00A75B9A /* RNNativeDialogExample.app */;
			productType = "com.apple.product-type.application";
		};
/* End PBXNativeTarget section */

/* Begin PBXProject section */
		83CBB9F71A601CBA00E9B192 /* Project object */ = {
			isa = PBXProject;
			attributes = {
				LastUpgradeCheck = 0940;
				ORGANIZATIONNAME = Facebook;
				TargetAttributes = {
					13B07F861A680F5B00A75B9A = {
						DevelopmentTeam = PHGV4R6G9J;
						LastSwiftMigration = 1010;
					};
				};
			};
			buildConfigurationList = 83CBB9FA1A601CBA00E9B192 /* Build configuration list for PBXProject "RNNativeDialogExample" */;
			compatibilityVersion = "Xcode 3.2";
			developmentRegion = English;
			hasScannedForEncodings = 0;
			knownRegions = (
				en,
				Base,
			);
			mainGroup = 83CBB9F61A601CBA00E9B192;
			productRefGroup = 83CBBA001A601CBA00E9B192 /* Products */;
			projectDirPath = "";
			projectRoot = "";
			targets = (
				13B07F861A680F5B00A75B9A /* RNNativeDialogExample */,
			);
		};
/* End PBXProject section */

/* Begin PBXResourcesBuildPhase section */
		13B07F8E1A680F5B00A75B9A /* Resources */ = {
			isa = PBXResourcesBuildPhase;
			buildActionMask = 2147483647;
			files = (
				71BD74D921F76BBC0087BC57 /* Images.xcassets in Resources */,
				71BD74DE21F76BD90087BC57 /* LaunchScreen.xib in Resources */,
			);
			runOnlyForDeploymentPostprocessing = 0;
		};
/* End PBXResourcesBuildPhase section */

/* Begin PBXShellScriptBuildPhase section */
		00DD1BFF1BD5951E006B06BC /* Bundle React Native code and images */ = {
			isa = PBXShellScriptBuildPhase;
			buildActionMask = 2147483647;
			files = (
			);
			inputPaths = (
			);
			name = "Bundle React Native code and images";
			outputPaths = (
			);
			runOnlyForDeploymentPostprocessing = 0;
			shellPath = /bin/sh;
			shellScript = "export NODE_BINARY=node\n../../node_modules/react-native/scripts/react-native-xcode.sh\n";
		};
		1633D8E3C8AB6E90AA3940F3 /* [CP] Embed Pods Frameworks */ = {
			isa = PBXShellScriptBuildPhase;
			buildActionMask = 2147483647;
			files = (
			);
			inputPaths = (
				"${PODS_ROOT}/Target Support Files/Pods-RNNativeDialogExample/Pods-RNNativeDialogExample-frameworks.sh",
				"${BUILT_PRODUCTS_DIR}/DoubleConversion/DoubleConversion.framework",
				"${BUILT_PRODUCTS_DIR}/DynamicBlurView/DynamicBlurView.framework",
				"${BUILT_PRODUCTS_DIR}/Folly/folly.framework",
				"${BUILT_PRODUCTS_DIR}/PopupDialog/PopupDialog.framework",
				"${BUILT_PRODUCTS_DIR}/RNNativeDialog/RNNativeDialog.framework",
				"${BUILT_PRODUCTS_DIR}/React-Core/React.framework",
				"${BUILT_PRODUCTS_DIR}/React-DevSupport/React.framework",
				"${BUILT_PRODUCTS_DIR}/React-RCTActionSheet/React.framework",
				"${BUILT_PRODUCTS_DIR}/React-RCTAnimation/React.framework",
				"${BUILT_PRODUCTS_DIR}/React-RCTBlob/React.framework",
				"${BUILT_PRODUCTS_DIR}/React-RCTImage/React.framework",
				"${BUILT_PRODUCTS_DIR}/React-RCTLinking/React.framework",
				"${BUILT_PRODUCTS_DIR}/React-RCTNetwork/React.framework",
				"${BUILT_PRODUCTS_DIR}/React-RCTSettings/React.framework",
				"${BUILT_PRODUCTS_DIR}/React-RCTText/React.framework",
				"${BUILT_PRODUCTS_DIR}/React-RCTVibration/React.framework",
				"${BUILT_PRODUCTS_DIR}/React-RCTWebSocket/React.framework",
				"${BUILT_PRODUCTS_DIR}/React-cxxreact/cxxreact.framework",
				"${BUILT_PRODUCTS_DIR}/React-jsi/jsi.framework",
				"${BUILT_PRODUCTS_DIR}/React-jsiexecutor/jsireact.framework",
				"${BUILT_PRODUCTS_DIR}/React-jsinspector/jsinspector.framework",
				"${BUILT_PRODUCTS_DIR}/glog/glog.framework",
				"${BUILT_PRODUCTS_DIR}/yoga/yoga.framework",
			);
			name = "[CP] Embed Pods Frameworks";
			outputPaths = (
				"${TARGET_BUILD_DIR}/${FRAMEWORKS_FOLDER_PATH}/DoubleConversion.framework",
				"${TARGET_BUILD_DIR}/${FRAMEWORKS_FOLDER_PATH}/DynamicBlurView.framework",
				"${TARGET_BUILD_DIR}/${FRAMEWORKS_FOLDER_PATH}/folly.framework",
				"${TARGET_BUILD_DIR}/${FRAMEWORKS_FOLDER_PATH}/PopupDialog.framework",
				"${TARGET_BUILD_DIR}/${FRAMEWORKS_FOLDER_PATH}/RNNativeDialog.framework",
				"${TARGET_BUILD_DIR}/${FRAMEWORKS_FOLDER_PATH}/React.framework",
				"${TARGET_BUILD_DIR}/${FRAMEWORKS_FOLDER_PATH}/cxxreact.framework",
				"${TARGET_BUILD_DIR}/${FRAMEWORKS_FOLDER_PATH}/jsi.framework",
				"${TARGET_BUILD_DIR}/${FRAMEWORKS_FOLDER_PATH}/jsireact.framework",
				"${TARGET_BUILD_DIR}/${FRAMEWORKS_FOLDER_PATH}/jsinspector.framework",
				"${TARGET_BUILD_DIR}/${FRAMEWORKS_FOLDER_PATH}/glog.framework",
				"${TARGET_BUILD_DIR}/${FRAMEWORKS_FOLDER_PATH}/yoga.framework",
			);
			runOnlyForDeploymentPostprocessing = 0;
			shellPath = /bin/sh;
			shellScript = "\"${PODS_ROOT}/Target Support Files/Pods-RNNativeDialogExample/Pods-RNNativeDialogExample-frameworks.sh\"\n";
			showEnvVarsInLog = 0;
		};
		5D0BB24191B47FE05F875483 /* [CP] Check Pods Manifest.lock */ = {
			isa = PBXShellScriptBuildPhase;
			buildActionMask = 2147483647;
			files = (
			);
			inputFileListPaths = (
			);
			inputPaths = (
				"${PODS_PODFILE_DIR_PATH}/Podfile.lock",
				"${PODS_ROOT}/Manifest.lock",
			);
			name = "[CP] Check Pods Manifest.lock";
			outputFileListPaths = (
			);
			outputPaths = (
				"$(DERIVED_FILE_DIR)/Pods-RNNativeDialogExample-checkManifestLockResult.txt",
			);
			runOnlyForDeploymentPostprocessing = 0;
			shellPath = /bin/sh;
			shellScript = "diff \"${PODS_PODFILE_DIR_PATH}/Podfile.lock\" \"${PODS_ROOT}/Manifest.lock\" > /dev/null\nif [ $? != 0 ] ; then\n    # print error to STDERR\n    echo \"error: The sandbox is not in sync with the Podfile.lock. Run 'pod install' or update your CocoaPods installation.\" >&2\n    exit 1\nfi\n# This output is used by Xcode 'outputs' to avoid re-running this script phase.\necho \"SUCCESS\" > \"${SCRIPT_OUTPUT_FILE_0}\"\n";
			showEnvVarsInLog = 0;
		};
/* End PBXShellScriptBuildPhase section */

/* Begin PBXSourcesBuildPhase section */
		13B07F871A680F5B00A75B9A /* Sources */ = {
			isa = PBXSourcesBuildPhase;
			buildActionMask = 2147483647;
			files = (
				71BD74D421F76B9D0087BC57 /* main.m in Sources */,
				71C4893D22352636005C13EB /* File.swift in Sources */,
				71BD74D721F76BB30087BC57 /* AppDelegate.m in Sources */,
			);
			runOnlyForDeploymentPostprocessing = 0;
		};
/* End PBXSourcesBuildPhase section */

/* Begin PBXVariantGroup section */
		71BD74DC21F76BD90087BC57 /* LaunchScreen.xib */ = {
			isa = PBXVariantGroup;
			children = (
				71BD74DD21F76BD90087BC57 /* Base */,
			);
			name = LaunchScreen.xib;
			sourceTree = "<group>";
		};
/* End PBXVariantGroup section */

/* Begin XCBuildConfiguration section */
		13B07F941A680F5B00A75B9A /* Debug */ = {
			isa = XCBuildConfiguration;
			baseConfigurationReference = 7668E4CB8DF6EF881DCE2791 /* Pods-RNNativeDialogExample.debug.xcconfig */;
			buildSettings = {
				ASSETCATALOG_COMPILER_APPICON_NAME = AppIcon;
				CLANG_ENABLE_MODULES = YES;
				CURRENT_PROJECT_VERSION = 1;
				DEAD_CODE_STRIPPING = NO;
				DEVELOPMENT_TEAM = PHGV4R6G9J;
				ENABLE_BITCODE = YES;
				INFOPLIST_FILE = RNNativeDialogExample/Info.plist;
				LD_RUNPATH_SEARCH_PATHS = "$(inherited) @executable_path/Frameworks";
				OTHER_LDFLAGS = (
					"$(inherited)",
					"-ObjC",
					"-lc++",
				);
				PRODUCT_BUNDLE_IDENTIFIER = com.reactnative.nativedialog.example;
				PRODUCT_NAME = RNNativeDialogExample;
				SWIFT_OBJC_BRIDGING_HEADER = "RNNativeDialogExample-Bridging-Header.h";
				SWIFT_OPTIMIZATION_LEVEL = "-Onone";
				SWIFT_VERSION = 4.2;
				VERSIONING_SYSTEM = "apple-generic";
			};
			name = Debug;
		};
		13B07F951A680F5B00A75B9A /* Release */ = {
			isa = XCBuildConfiguration;
			baseConfigurationReference = A0893371BF5BDCEF0C6B56DF /* Pods-RNNativeDialogExample.release.xcconfig */;
			buildSettings = {
				ASSETCATALOG_COMPILER_APPICON_NAME = AppIcon;
				CLANG_ENABLE_MODULES = YES;
				CURRENT_PROJECT_VERSION = 1;
				DEVELOPMENT_TEAM = PHGV4R6G9J;
				ENABLE_BITCODE = YES;
				INFOPLIST_FILE = RNNativeDialogExample/Info.plist;
				LD_RUNPATH_SEARCH_PATHS = "$(inherited) @executable_path/Frameworks";
				OTHER_LDFLAGS = (
					"$(inherited)",
					"-ObjC",
					"-lc++",
				);
				PRODUCT_BUNDLE_IDENTIFIER = com.reactnative.nativedialog.example;
				PRODUCT_NAME = RNNativeDialogExample;
				SWIFT_OBJC_BRIDGING_HEADER = "RNNativeDialogExample-Bridging-Header.h";
				SWIFT_VERSION = 4.2;
				VERSIONING_SYSTEM = "apple-generic";
			};
			name = Release;
		};
		83CBBA201A601CBA00E9B192 /* Debug */ = {
			isa = XCBuildConfiguration;
			buildSettings = {
				ALWAYS_SEARCH_USER_PATHS = NO;
				CLANG_CXX_LANGUAGE_STANDARD = "gnu++0x";
				CLANG_CXX_LIBRARY = "libc++";
				CLANG_ENABLE_MODULES = YES;
				CLANG_ENABLE_OBJC_ARC = YES;
				CLANG_WARN_BLOCK_CAPTURE_AUTORELEASING = YES;
				CLANG_WARN_BOOL_CONVERSION = YES;
				CLANG_WARN_COMMA = YES;
				CLANG_WARN_CONSTANT_CONVERSION = YES;
				CLANG_WARN_DEPRECATED_OBJC_IMPLEMENTATIONS = YES;
				CLANG_WARN_DIRECT_OBJC_ISA_USAGE = YES_ERROR;
				CLANG_WARN_EMPTY_BODY = YES;
				CLANG_WARN_ENUM_CONVERSION = YES;
				CLANG_WARN_INFINITE_RECURSION = YES;
				CLANG_WARN_INT_CONVERSION = YES;
				CLANG_WARN_NON_LITERAL_NULL_CONVERSION = YES;
				CLANG_WARN_OBJC_IMPLICIT_RETAIN_SELF = YES;
				CLANG_WARN_OBJC_LITERAL_CONVERSION = YES;
				CLANG_WARN_OBJC_ROOT_CLASS = YES_ERROR;
				CLANG_WARN_RANGE_LOOP_ANALYSIS = YES;
				CLANG_WARN_STRICT_PROTOTYPES = YES;
				CLANG_WARN_SUSPICIOUS_MOVE = YES;
				CLANG_WARN_UNREACHABLE_CODE = YES;
				CLANG_WARN__DUPLICATE_METHOD_MATCH = YES;
				"CODE_SIGN_IDENTITY[sdk=iphoneos*]" = "iPhone Developer";
				COPY_PHASE_STRIP = NO;
				ENABLE_STRICT_OBJC_MSGSEND = YES;
				ENABLE_TESTABILITY = YES;
				GCC_C_LANGUAGE_STANDARD = gnu99;
				GCC_DYNAMIC_NO_PIC = NO;
				GCC_NO_COMMON_BLOCKS = YES;
				GCC_OPTIMIZATION_LEVEL = 0;
				GCC_PREPROCESSOR_DEFINITIONS = (
					"DEBUG=1",
					"$(inherited)",
				);
				GCC_SYMBOLS_PRIVATE_EXTERN = NO;
				GCC_WARN_64_TO_32_BIT_CONVERSION = YES;
				GCC_WARN_ABOUT_RETURN_TYPE = YES_ERROR;
				GCC_WARN_UNDECLARED_SELECTOR = YES;
				GCC_WARN_UNINITIALIZED_AUTOS = YES_AGGRESSIVE;
				GCC_WARN_UNUSED_FUNCTION = YES;
				GCC_WARN_UNUSED_VARIABLE = YES;
				IPHONEOS_DEPLOYMENT_TARGET = 9.0;
				MTL_ENABLE_DEBUG_INFO = YES;
				ONLY_ACTIVE_ARCH = YES;
				SDKROOT = iphoneos;
			};
			name = Debug;
		};
		83CBBA211A601CBA00E9B192 /* Release */ = {
			isa = XCBuildConfiguration;
			buildSettings = {
				ALWAYS_SEARCH_USER_PATHS = NO;
				CLANG_CXX_LANGUAGE_STANDARD = "gnu++0x";
				CLANG_CXX_LIBRARY = "libc++";
				CLANG_ENABLE_MODULES = YES;
				CLANG_ENABLE_OBJC_ARC = YES;
				CLANG_WARN_BLOCK_CAPTURE_AUTORELEASING = YES;
				CLANG_WARN_BOOL_CONVERSION = YES;
				CLANG_WARN_COMMA = YES;
				CLANG_WARN_CONSTANT_CONVERSION = YES;
				CLANG_WARN_DEPRECATED_OBJC_IMPLEMENTATIONS = YES;
				CLANG_WARN_DIRECT_OBJC_ISA_USAGE = YES_ERROR;
				CLANG_WARN_EMPTY_BODY = YES;
				CLANG_WARN_ENUM_CONVERSION = YES;
				CLANG_WARN_INFINITE_RECURSION = YES;
				CLANG_WARN_INT_CONVERSION = YES;
				CLANG_WARN_NON_LITERAL_NULL_CONVERSION = YES;
				CLANG_WARN_OBJC_IMPLICIT_RETAIN_SELF = YES;
				CLANG_WARN_OBJC_LITERAL_CONVERSION = YES;
				CLANG_WARN_OBJC_ROOT_CLASS = YES_ERROR;
				CLANG_WARN_RANGE_LOOP_ANALYSIS = YES;
				CLANG_WARN_STRICT_PROTOTYPES = YES;
				CLANG_WARN_SUSPICIOUS_MOVE = YES;
				CLANG_WARN_UNREACHABLE_CODE = YES;
				CLANG_WARN__DUPLICATE_METHOD_MATCH = YES;
				"CODE_SIGN_IDENTITY[sdk=iphoneos*]" = "iPhone Developer";
				COPY_PHASE_STRIP = YES;
				ENABLE_NS_ASSERTIONS = NO;
				ENABLE_STRICT_OBJC_MSGSEND = YES;
				GCC_C_LANGUAGE_STANDARD = gnu99;
				GCC_NO_COMMON_BLOCKS = YES;
				GCC_WARN_64_TO_32_BIT_CONVERSION = YES;
				GCC_WARN_ABOUT_RETURN_TYPE = YES_ERROR;
				GCC_WARN_UNDECLARED_SELECTOR = YES;
				GCC_WARN_UNINITIALIZED_AUTOS = YES_AGGRESSIVE;
				GCC_WARN_UNUSED_FUNCTION = YES;
				GCC_WARN_UNUSED_VARIABLE = YES;
				IPHONEOS_DEPLOYMENT_TARGET = 9.0;
				MTL_ENABLE_DEBUG_INFO = NO;
				SDKROOT = iphoneos;
				VALIDATE_PRODUCT = YES;
			};
			name = Release;
		};
/* End XCBuildConfiguration section */

/* Begin XCConfigurationList section */
		13B07F931A680F5B00A75B9A /* Build configuration list for PBXNativeTarget "RNNativeDialogExample" */ = {
			isa = XCConfigurationList;
			buildConfigurations = (
				13B07F941A680F5B00A75B9A /* Debug */,
				13B07F951A680F5B00A75B9A /* Release */,
			);
			defaultConfigurationIsVisible = 0;
			defaultConfigurationName = Release;
		};
		83CBB9FA1A601CBA00E9B192 /* Build configuration list for PBXProject "RNNativeDialogExample" */ = {
			isa = XCConfigurationList;
			buildConfigurations = (
				83CBBA201A601CBA00E9B192 /* Debug */,
				83CBBA211A601CBA00E9B192 /* Release */,
			);
			defaultConfigurationIsVisible = 0;
			defaultConfigurationName = Release;
		};
/* End XCConfigurationList section */
	};
	rootObject = 83CBB9F71A601CBA00E9B192 /* Project object */;
}
